# This file is automatically @generated by Poetry.
# Do not edit manually.

[[package]]
name = "test-placeholder"
version = "0.0.0"
description = "Empty placeholder"
optional = false
python-versions = "*"

[metadata]
lock-version = "2.0"
python-versions = "^3.9"
content-hash = "0000000000000000000000000000000000000000000000000000000000000000"
